
Microsoft Visual Studio Solution File, Format Version 12.00
Project("{FAE04EC0-301F-11D3-BF4B-00C04F79EFBC}") = "StudyCsharp", "StudyCsharp\StudyCsharp.csproj", "{2522490B-C0B8-45FE-A9FB-C9DC8ED3A957}"
EndProject
Global
	GlobalSection(SolutionConfigurationPlatforms) = preSolution
		Debug|Any CPU = Debug|Any CPU
		Release|Any CPU = Release|Any CPU
	EndGlobalSection
	GlobalSection(ProjectConfigurationPlatforms) = postSolution
		{2522490B-C0B8-45FE-A9FB-C9DC8ED3A957}.Debug|Any CPU.ActiveCfg = Debug|Any CPU
		{2522490B-C0B8-45FE-A9FB-C9DC8ED3A957}.Debug|Any CPU.Build.0 = Debug|Any CPU
		{2522490B-C0B8-45FE-A9FB-C9DC8ED3A957}.Release|Any CPU.ActiveCfg = Release|Any CPU
		{2522490B-C0B8-45FE-A9FB-C9DC8ED3A957}.Release|Any CPU.Build.0 = Release|Any CPU
	EndGlobalSection
EndGlobal
